
Microsoft Visual Studio Solution File, Format Version 12.00
# Visual Studio Version 16
VisualStudioVersion = 16.0.29503.13
MinimumVisualStudioVersion = 10.0.40219.1
Project("{9A19103F-16F7-4668-BE54-9A1E7A4F7556}") = "Builders.DotNetCore.WebApi", "Builders.DotNetCore.WebApi\Builders.DotNetCore.WebApi.csproj", "{7B92A961-164A-4A85-AE40-D9D61B3DF38D}"
EndProject
Project("{9A19103F-16F7-4668-BE54-9A1E7A4F7556}") = "Builders.DotNetCore.Tests", "Builders.DotNetCore.Tests\Builders.DotNetCore.Tests.csproj", "{AF5D8E28-0186-4725-A982-85EF0D39C423}"
EndProject
Project("{9A19103F-16F7-4668-BE54-9A1E7A4F7556}") = "Builders.DotNetCore.Domain", "Builders.DotNetCore.Domain\Builders.DotNetCore.Domain.csproj", "{4D869A34-2B0F-4B6B-B5E9-8A906B9C4FE2}"
EndProject
Project("{9A19103F-16F7-4668-BE54-9A1E7A4F7556}") = "Builders.DotNetCore.Infrastructure", "Builders.DotNetCore.Infrastructure\Builders.DotNetCore.Infrastructure.csproj", "{6DB24A92-B796-402D-9103-9C549890976C}"
EndProject
Project("{9A19103F-16F7-4668-BE54-9A1E7A4F7556}") = "Builders.DotNetCore.IoC", "Builders.DotNetCore.IoC\Builders.DotNetCore.IoC.csproj", "{7B56155D-C5E5-4BA2-9540-414019D8F060}"
EndProject
Global
	GlobalSection(SolutionConfigurationPlatforms) = preSolution
		Debug|Any CPU = Debug|Any CPU
		Release|Any CPU = Release|Any CPU
	EndGlobalSection
	GlobalSection(ProjectConfigurationPlatforms) = postSolution
		{7B92A961-164A-4A85-AE40-D9D61B3DF38D}.Debug|Any CPU.ActiveCfg = Debug|Any CPU
		{7B92A961-164A-4A85-AE40-D9D61B3DF38D}.Debug|Any CPU.Build.0 = Debug|Any CPU
		{7B92A961-164A-4A85-AE40-D9D61B3DF38D}.Release|Any CPU.ActiveCfg = Release|Any CPU
		{7B92A961-164A-4A85-AE40-D9D61B3DF38D}.Release|Any CPU.Build.0 = Release|Any CPU
		{AF5D8E28-0186-4725-A982-85EF0D39C423}.Debug|Any CPU.ActiveCfg = Debug|Any CPU
		{AF5D8E28-0186-4725-A982-85EF0D39C423}.Debug|Any CPU.Build.0 = Debug|Any CPU
		{AF5D8E28-0186-4725-A982-85EF0D39C423}.Release|Any CPU.ActiveCfg = Release|Any CPU
		{AF5D8E28-0186-4725-A982-85EF0D39C423}.Release|Any CPU.Build.0 = Release|Any CPU
		{4D869A34-2B0F-4B6B-B5E9-8A906B9C4FE2}.Debug|Any CPU.ActiveCfg = Debug|Any CPU
		{4D869A34-2B0F-4B6B-B5E9-8A906B9C4FE2}.Debug|Any CPU.Build.0 = Debug|Any CPU
		{4D869A34-2B0F-4B6B-B5E9-8A906B9C4FE2}.Release|Any CPU.ActiveCfg = Release|Any CPU
		{4D869A34-2B0F-4B6B-B5E9-8A906B9C4FE2}.Release|Any CPU.Build.0 = Release|Any CPU
		{6DB24A92-B796-402D-9103-9C549890976C}.Debug|Any CPU.ActiveCfg = Debug|Any CPU
		{6DB24A92-B796-402D-9103-9C549890976C}.Debug|Any CPU.Build.0 = Debug|Any CPU
		{6DB24A92-B796-402D-9103-9C549890976C}.Release|Any CPU.ActiveCfg = Release|Any CPU
		{6DB24A92-B796-402D-9103-9C549890976C}.Release|Any CPU.Build.0 = Release|Any CPU
		{7B56155D-C5E5-4BA2-9540-414019D8F060}.Debug|Any CPU.ActiveCfg = Debug|Any CPU
		{7B56155D-C5E5-4BA2-9540-414019D8F060}.Debug|Any CPU.Build.0 = Debug|Any CPU
		{7B56155D-C5E5-4BA2-9540-414019D8F060}.Release|Any CPU.ActiveCfg = Release|Any CPU
		{7B56155D-C5E5-4BA2-9540-414019D8F060}.Release|Any CPU.Build.0 = Release|Any CPU
	EndGlobalSection
	GlobalSection(SolutionProperties) = preSolution
		HideSolutionNode = FALSE
	EndGlobalSection
	GlobalSection(ExtensibilityGlobals) = postSolution
		SolutionGuid = {65D392F6-C786-46F4-97DD-506CB48B412A}
	EndGlobalSection
EndGlobal
